
Microsoft Visual Studio Solution File, Format Version 12.00
# Visual Studio Version 17
VisualStudioVersion = 17.9.34622.214
MinimumVisualStudioVersion = 10.0.40219.1
Project("{9A19103F-16F7-4668-BE54-9A1E7A4F7556}") = "OlMag.Manufacture2", "OlMag.Manufacture2\OlMag.Manufacture2.csproj", "{71EE4190-E6E2-47B4-A2C9-538ADD70406C}"
EndProject
Project("{E53339B2-1760-4266-BCC7-CA923CBCF16C}") = "docker-compose", "docker-compose.dcproj", "{FB9E6ECA-F445-4839-A084-A28D7F383671}"
EndProject
Global
	GlobalSection(SolutionConfigurationPlatforms) = preSolution
		Debug|Any CPU = Debug|Any CPU
		Release|Any CPU = Release|Any CPU
	EndGlobalSection
	GlobalSection(ProjectConfigurationPlatforms) = postSolution
		{71EE4190-E6E2-47B4-A2C9-538ADD70406C}.Debug|Any CPU.ActiveCfg = Debug|Any CPU
		{71EE4190-E6E2-47B4-A2C9-538ADD70406C}.Debug|Any CPU.Build.0 = Debug|Any CPU
		{71EE4190-E6E2-47B4-A2C9-538ADD70406C}.Release|Any CPU.ActiveCfg = Release|Any CPU
		{71EE4190-E6E2-47B4-A2C9-538ADD70406C}.Release|Any CPU.Build.0 = Release|Any CPU
		{FB9E6ECA-F445-4839-A084-A28D7F383671}.Debug|Any CPU.ActiveCfg = Debug|Any CPU
		{FB9E6ECA-F445-4839-A084-A28D7F383671}.Debug|Any CPU.Build.0 = Debug|Any CPU
		{FB9E6ECA-F445-4839-A084-A28D7F383671}.Release|Any CPU.ActiveCfg = Release|Any CPU
		{FB9E6ECA-F445-4839-A084-A28D7F383671}.Release|Any CPU.Build.0 = Release|Any CPU
	EndGlobalSection
	GlobalSection(SolutionProperties) = preSolution
		HideSolutionNode = FALSE
	EndGlobalSection
	GlobalSection(ExtensibilityGlobals) = postSolution
		SolutionGuid = {E81189DC-4745-427A-813D-68631FED894A}
	EndGlobalSection
EndGlobal
